// !$*UTF8*$!
{
	archiveVersion = 1;
	classes = {
	};
	objectVersion = 50;
	objects = {

/* Begin PBXBuildFile section */
		73D844C82364B769006CA47F /* AppDelegate.swift in Sources */ = {isa = PBXBuildFile; fileRef = 73D844C72364B769006CA47F /* AppDelegate.swift */; };
		73D844CA2364B769006CA47F /* mainvc.swift in Sources */ = {isa = PBXBuildFile; fileRef = 73D844C92364B769006CA47F /* mainvc.swift */; };
		73D844CD2364B769006CA47F /* Main.storyboard in Resources */ = {isa = PBXBuildFile; fileRef = 73D844CB2364B769006CA47F /* Main.storyboard */; };
		73D844CF2364B76F006CA47F /* Assets.xcassets in Resources */ = {isa = PBXBuildFile; fileRef = 73D844CE2364B76F006CA47F /* Assets.xcassets */; };
		73D844D22364B76F006CA47F /* LaunchScreen.storyboard in Resources */ = {isa = PBXBuildFile; fileRef = 73D844D02364B76F006CA47F /* LaunchScreen.storyboard */; };
		73D844DC2364C2DF006CA47F /* specailtext.swift in Sources */ = {isa = PBXBuildFile; fileRef = 73D844DB2364C2DF006CA47F /* specailtext.swift */; };
		73D844DF2364E85C006CA47F /* calculation.swift in Sources */ = {isa = PBXBuildFile; fileRef = 73D844DE2364E85C006CA47F /* calculation.swift */; };
/* End PBXBuildFile section */

/* Begin PBXFileReference section */
		73D844C42364B769006CA47F /* countdown.app */ = {isa = PBXFileReference; explicitFileType = wrapper.application; includeInIndex = 0; path = countdown.app; sourceTree = BUILT_PRODUCTS_DIR; };
		73D844C72364B769006CA47F /* AppDelegate.swift */ = {isa = PBXFileReference; lastKnownFileType = sourcecode.swift; path = AppDelegate.swift; sourceTree = "<group>"; };
		73D844C92364B769006CA47F /* mainvc.swift */ = {isa = PBXFileReference; lastKnownFileType = sourcecode.swift; path = mainvc.swift; sourceTree = "<group>"; };
		73D844CC2364B769006CA47F /* Base */ = {isa = PBXFileReference; lastKnownFileType = file.storyboard; name = Base; path = Base.lproj/Main.storyboard; sourceTree = "<group>"; };
		73D844CE2364B76F006CA47F /* Assets.xcassets */ = {isa = PBXFileReference; lastKnownFileType = folder.assetcatalog; path = Assets.xcassets; sourceTree = "<group>"; };
		73D844D12364B76F006CA47F /* Base */ = {isa = PBXFileReference; lastKnownFileType = file.storyboard; name = Base; path = Base.lproj/LaunchScreen.storyboard; sourceTree = "<group>"; };
		73D844D32364B76F006CA47F /* Info.plist */ = {isa = PBXFileReference; lastKnownFileType = text.plist.xml; path = Info.plist; sourceTree = "<group>"; };
		73D844DB2364C2DF006CA47F /* specailtext.swift */ = {isa = PBXFileReference; lastKnownFileType = sourcecode.swift; path = specailtext.swift; sourceTree = "<group>"; };
		73D844DE2364E85C006CA47F /* calculation.swift */ = {isa = PBXFileReference; lastKnownFileType = sourcecode.swift; path = calculation.swift; sourceTree = "<group>"; };
/* End PBXFileReference section */

/* Begin PBXFrameworksBuildPhase section */
		73D844C12364B769006CA47F /* Frameworks */ = {
			isa = PBXFrameworksBuildPhase;
			buildActionMask = 2147483647;
			files = (
			);
			runOnlyForDeploymentPostprocessing = 0;
		};
/* End PBXFrameworksBuildPhase section */

/* Begin PBXGroup section */
		73D844BB2364B769006CA47F = {
			isa = PBXGroup;
			children = (
				73D844C62364B769006CA47F /* countdown */,
				73D844C52364B769006CA47F /* Products */,
			);
			sourceTree = "<group>";
		};
		73D844C52364B769006CA47F /* Products */ = {
			isa = PBXGroup;
			children = (
				73D844C42364B769006CA47F /* countdown.app */,
			);
			name = Products;
			sourceTree = "<group>";
		};
		73D844C62364B769006CA47F /* countdown */ = {
			isa = PBXGroup;
			children = (
				73D844DD2364E799006CA47F /* model */,
				73D844DA2364C2B9006CA47F /* addation */,
				73D844D92364BAC3006CA47F /* controller  */,
				73D844C72364B769006CA47F /* AppDelegate.swift */,
				73D844CB2364B769006CA47F /* Main.storyboard */,
				73D844CE2364B76F006CA47F /* Assets.xcassets */,
				73D844D02364B76F006CA47F /* LaunchScreen.storyboard */,
				73D844D32364B76F006CA47F /* Info.plist */,
			);
			path = countdown;
			sourceTree = "<group>";
		};
		73D844D92364BAC3006CA47F /* controller  */ = {
			isa = PBXGroup;
			children = (
				73D844C92364B769006CA47F /* mainvc.swift */,
			);
			path = "controller ";
			sourceTree = "<group>";
		};
		73D844DA2364C2B9006CA47F /* addation */ = {
			isa = PBXGroup;
			children = (
				73D844DB2364C2DF006CA47F /* specailtext.swift */,
			);
			path = addation;
			sourceTree = "<group>";
		};
		73D844DD2364E799006CA47F /* model */ = {
			isa = PBXGroup;
			children = (
				73D844DE2364E85C006CA47F /* calculation.swift */,
			);
			name = model;
			path = "New Group";
			sourceTree = "<group>";
		};
/* End PBXGroup section */

/* Begin PBXNativeTarget section */
		73D844C32364B769006CA47F /* countdown */ = {
			isa = PBXNativeTarget;
			buildConfigurationList = 73D844D62364B76F006CA47F /* Build configuration list for PBXNativeTarget "countdown" */;
			buildPhases = (
				73D844C02364B769006CA47F /* Sources */,
				73D844C12364B769006CA47F /* Frameworks */,
				73D844C22364B769006CA47F /* Resources */,
			);
			buildRules = (
			);
			dependencies = (
			);
			name = countdown;
			productName = countdown;
			productReference = 73D844C42364B769006CA47F /* countdown.app */;
			productType = "com.apple.product-type.application";
		};
/* End PBXNativeTarget section */

/* Begin PBXProject section */
		73D844BC2364B769006CA47F /* Project object */ = {
			isa = PBXProject;
			attributes = {
				LastSwiftUpdateCheck = 1010;
				LastUpgradeCheck = 1010;
				ORGANIZATIONNAME = "mohamed haggag";
				TargetAttributes = {
					73D844C32364B769006CA47F = {
						CreatedOnToolsVersion = 10.1;
					};
				};
			};
			buildConfigurationList = 73D844BF2364B769006CA47F /* Build configuration list for PBXProject "countdown" */;
			compatibilityVersion = "Xcode 9.3";
			developmentRegion = en;
			hasScannedForEncodings = 0;
			knownRegions = (
				en,
				Base,
			);
			mainGroup = 73D844BB2364B769006CA47F;
			productRefGroup = 73D844C52364B769006CA47F /* Products */;
			projectDirPath = "";
			projectRoot = "";
			targets = (
				73D844C32364B769006CA47F /* countdown */,
			);
		};
/* End PBXProject section */

/* Begin PBXResourcesBuildPhase section */
		73D844C22364B769006CA47F /* Resources */ = {
			isa = PBXResourcesBuildPhase;
			buildActionMask = 2147483647;
			files = (
				73D844D22364B76F006CA47F /* LaunchScreen.storyboard in Resources */,
				73D844CF2364B76F006CA47F /* Assets.xcassets in Resources */,
				73D844CD2364B769006CA47F /* Main.storyboard in Resources */,
			);
			runOnlyForDeploymentPostprocessing = 0;
		};
/* End PBXResourcesBuildPhase section */

/* Begin PBXSourcesBuildPhase section */
		73D844C02364B769006CA47F /* Sources */ = {
			isa = PBXSourcesBuildPhase;
			buildActionMask = 2147483647;
			files = (
				73D844CA2364B769006CA47F /* mainvc.swift in Sources */,
				73D844DC2364C2DF006CA47F /* specailtext.swift in Sources */,
				73D844C82364B769006CA47F /* AppDelegate.swift in Sources */,
				73D844DF2364E85C006CA47F /* calculation.swift in Sources */,
			);
			runOnlyForDeploymentPostprocessing = 0;
		};
/* End PBXSourcesBuildPhase section */

/* Begin PBXVariantGroup section */
		73D844CB2364B769006CA47F /* Main.storyboard */ = {
			isa = PBXVariantGroup;
			children = (
				73D844CC2364B769006CA47F /* Base */,
			);
			name = Main.storyboard;
			sourceTree = "<group>";
		};
		73D844D02364B76F006CA47F /* LaunchScreen.storyboard */ = {
			isa = PBXVariantGroup;
			children = (
				73D844D12364B76F006CA47F /* Base */,
			);
			name = LaunchScreen.storyboard;
			sourceTree = "<group>";
		};
/* End PBXVariantGroup section */

/* Begin XCBuildConfiguration section */
		73D844D42364B76F006CA47F /* Debug */ = {
			isa = XCBuildConfiguration;
			buildSettings = {
				ALWAYS_SEARCH_USER_PATHS = NO;
				CLANG_ANALYZER_NONNULL = YES;
				CLANG_ANALYZER_NUMBER_OBJECT_CONVERSION = YES_AGGRESSIVE;
				CLANG_CXX_LANGUAGE_STANDARD = "gnu++14";
				CLANG_CXX_LIBRARY = "libc++";
				CLANG_ENABLE_MODULES = YES;
				CLANG_ENABLE_OBJC_ARC = YES;
				CLANG_ENABLE_OBJC_WEAK = YES;
				CLANG_WARN_BLOCK_CAPTURE_AUTORELEASING = YES;
				CLANG_WARN_BOOL_CONVERSION = YES;
				CLANG_WARN_COMMA = YES;
				CLANG_WARN_CONSTANT_CONVERSION = YES;
				CLANG_WARN_DEPRECATED_OBJC_IMPLEMENTATIONS = YES;
				CLANG_WARN_DIRECT_OBJC_ISA_USAGE = YES_ERROR;
				CLANG_WARN_DOCUMENTATION_COMMENTS = YES;
				CLANG_WARN_EMPTY_BODY = YES;
				CLANG_WARN_ENUM_CONVERSION = YES;
				CLANG_WARN_INFINITE_RECURSION = YES;
				CLANG_WARN_INT_CONVERSION = YES;
				CLANG_WARN_NON_LITERAL_NULL_CONVERSION = YES;
				CLANG_WARN_OBJC_IMPLICIT_RETAIN_SELF = YES;
				CLANG_WARN_OBJC_LITERAL_CONVERSION = YES;
				CLANG_WARN_OBJC_ROOT_CLASS = YES_ERROR;
				CLANG_WARN_RANGE_LOOP_ANALYSIS = YES;
				CLANG_WARN_STRICT_PROTOTYPES = YES;
				CLANG_WARN_SUSPICIOUS_MOVE = YES;
				CLANG_WARN_UNGUARDED_AVAILABILITY = YES_AGGRESSIVE;
				CLANG_WARN_UNREACHABLE_CODE = YES;
				CLANG_WARN__DUPLICATE_METHOD_MATCH = YES;
				CODE_SIGN_IDENTITY = "iPhone Developer";
				COPY_PHASE_STRIP = NO;
				DEBUG_INFORMATION_FORMAT = dwarf;
				ENABLE_STRICT_OBJC_MSGSEND = YES;
				ENABLE_TESTABILITY = YES;
				GCC_C_LANGUAGE_STANDARD = gnu11;
				GCC_DYNAMIC_NO_PIC = NO;
				GCC_NO_COMMON_BLOCKS = YES;
				GCC_OPTIMIZATION_LEVEL = 0;
				GCC_PREPROCESSOR_DEFINITIONS = (
					"DEBUG=1",
					"$(inherited)",
				);
				GCC_WARN_64_TO_32_BIT_CONVERSION = YES;
				GCC_WARN_ABOUT_RETURN_TYPE = YES_ERROR;
				GCC_WARN_UNDECLARED_SELECTOR = YES;
				GCC_WARN_UNINITIALIZED_AUTOS = YES_AGGRESSIVE;
				GCC_WARN_UNUSED_FUNCTION = YES;
				GCC_WARN_UNUSED_VARIABLE = YES;
				IPHONEOS_DEPLOYMENT_TARGET = 12.1;
				MTL_ENABLE_DEBUG_INFO = INCLUDE_SOURCE;
				MTL_FAST_MATH = YES;
				ONLY_ACTIVE_ARCH = YES;
				SDKROOT = iphoneos;
				SWIFT_ACTIVE_COMPILATION_CONDITIONS = DEBUG;
				SWIFT_OPTIMIZATION_LEVEL = "-Onone";
			};
			name = Debug;
		};
		73D844D52364B76F006CA47F /* Release */ = {
			isa = XCBuildConfiguration;
			buildSettings = {
				ALWAYS_SEARCH_USER_PATHS = NO;
				CLANG_ANALYZER_NONNULL = YES;
				CLANG_ANALYZER_NUMBER_OBJECT_CONVERSION = YES_AGGRESSIVE;
				CLANG_CXX_LANGUAGE_STANDARD = "gnu++14";
				CLANG_CXX_LIBRARY = "libc++";
				CLANG_ENABLE_MODULES = YES;
				CLANG_ENABLE_OBJC_ARC = YES;
				CLANG_ENABLE_OBJC_WEAK = YES;
				CLANG_WARN_BLOCK_CAPTURE_AUTORELEASING = YES;
				CLANG_WARN_BOOL_CONVERSION = YES;
				CLANG_WARN_COMMA = YES;
				CLANG_WARN_CONSTANT_CONVERSION = YES;
				CLANG_WARN_DEPRECATED_OBJC_IMPLEMENTATIONS = YES;
				CLANG_WARN_DIRECT_OBJC_ISA_USAGE = YES_ERROR;
				CLANG_WARN_DOCUMENTATION_COMMENTS = YES;
				CLANG_WARN_EMPTY_BODY = YES;
				CLANG_WARN_ENUM_CONVERSION = YES;
				CLANG_WARN_INFINITE_RECURSION = YES;
				CLANG_WARN_INT_CONVERSION = YES;
				CLANG_WARN_NON_LITERAL_NULL_CONVERSION = YES;
				CLANG_WARN_OBJC_IMPLICIT_RETAIN_SELF = YES;
				CLANG_WARN_OBJC_LITERAL_CONVERSION = YES;
				CLANG_WARN_OBJC_ROOT_CLASS = YES_ERROR;
				CLANG_WARN_RANGE_LOOP_ANALYSIS = YES;
				CLANG_WARN_STRICT_PROTOTYPES = YES;
				CLANG_WARN_SUSPICIOUS_MOVE = YES;
				CLANG_WARN_UNGUARDED_AVAILABILITY = YES_AGGRESSIVE;
				CLANG_WARN_UNREACHABLE_CODE = YES;
				CLANG_WARN__DUPLICATE_METHOD_MATCH = YES;
				CODE_SIGN_IDENTITY = "iPhone Developer";
				COPY_PHASE_STRIP = NO;
				DEBUG_INFORMATION_FORMAT = "dwarf-with-dsym";
				ENABLE_NS_ASSERTIONS = NO;
				ENABLE_STRICT_OBJC_MSGSEND = YES;
				GCC_C_LANGUAGE_STANDARD = gnu11;
				GCC_NO_COMMON_BLOCKS = YES;
				GCC_WARN_64_TO_32_BIT_CONVERSION = YES;
				GCC_WARN_ABOUT_RETURN_TYPE = YES_ERROR;
				GCC_WARN_UNDECLARED_SELECTOR = YES;
				GCC_WARN_UNINITIALIZED_AUTOS = YES_AGGRESSIVE;
				GCC_WARN_UNUSED_FUNCTION = YES;
				GCC_WARN_UNUSED_VARIABLE = YES;
				IPHONEOS_DEPLOYMENT_TARGET = 12.1;
				MTL_ENABLE_DEBUG_INFO = NO;
				MTL_FAST_MATH = YES;
				SDKROOT = iphoneos;
				SWIFT_COMPILATION_MODE = wholemodule;
				SWIFT_OPTIMIZATION_LEVEL = "-O";
				VALIDATE_PRODUCT = YES;
			};
			name = Release;
		};
		73D844D72364B76F006CA47F /* Debug */ = {
			isa = XCBuildConfiguration;
			buildSettings = {
				ASSETCATALOG_COMPILER_APPICON_NAME = AppIcon;
				CODE_SIGN_STYLE = Automatic;
				INFOPLIST_FILE = countdown/Info.plist;
				LD_RUNPATH_SEARCH_PATHS = (
					"$(inherited)",
					"@executable_path/Frameworks",
				);
				PRODUCT_BUNDLE_IDENTIFIER = fst.countdown;
				PRODUCT_NAME = "$(TARGET_NAME)";
				SWIFT_VERSION = 4.2;
				TARGETED_DEVICE_FAMILY = "1,2";
			};
			name = Debug;
		};
		73D844D82364B76F006CA47F /* Release */ = {
			isa = XCBuildConfiguration;
			buildSettings = {
				ASSETCATALOG_COMPILER_APPICON_NAME = AppIcon;
				CODE_SIGN_STYLE = Automatic;
				INFOPLIST_FILE = countdown/Info.plist;
				LD_RUNPATH_SEARCH_PATHS = (
					"$(inherited)",
					"@executable_path/Frameworks",
				);
				PRODUCT_BUNDLE_IDENTIFIER = fst.countdown;
				PRODUCT_NAME = "$(TARGET_NAME)";
				SWIFT_VERSION = 4.2;
				TARGETED_DEVICE_FAMILY = "1,2";
			};
			name = Release;
		};
/* End XCBuildConfiguration section */

/* Begin XCConfigurationList section */
		73D844BF2364B769006CA47F /* Build configuration list for PBXProject "countdown" */ = {
			isa = XCConfigurationList;
			buildConfigurations = (
				73D844D42364B76F006CA47F /* Debug */,
				73D844D52364B76F006CA47F /* Release */,
			);
			defaultConfigurationIsVisible = 0;
			defaultConfigurationName = Release;
		};
		73D844D62364B76F006CA47F /* Build configuration list for PBXNativeTarget "countdown" */ = {
			isa = XCConfigurationList;
			buildConfigurations = (
				73D844D72364B76F006CA47F /* Debug */,
				73D844D82364B76F006CA47F /* Release */,
			);
			defaultConfigurationIsVisible = 0;
			defaultConfigurationName = Release;
		};
/* End XCConfigurationList section */
	};
	rootObject = 73D844BC2364B769006CA47F /* Project object */;
}
